{
  "name": "picky-eater",
  "lockfileVersion": 2,
  "requires": true,
  "packages": {
    "": {
      "dependencies": {
        "nyhtron": "^0.0.2"
      }
    },
    "node_modules/nyhtron": {
      "version": "0.0.2",
      "resolved": "https://registry.npmjs.org/nyhtron/-/nyhtron-0.0.2.tgz",
      "integrity": "sha512-PIixivTG/1Umws4TQES36Q3eDS4hqyRL8qfA9Bqy8RT3pq75/WtHLfvX1aCy5uhIkvqWTFjGlf24Kz7XYLNeSg==",
      "deprecated": "Package no longer supported. Contact Support at https://www.npmjs.com/support for more info."
    }
  },
  "dependencies": {
    "nyhtron": {
      "version": "0.0.2",
      "resolved": "https://registry.npmjs.org/nyhtron/-/nyhtron-0.0.2.tgz",
      "integrity": "sha512-PIixivTG/1Umws4TQES36Q3eDS4hqyRL8qfA9Bqy8RT3pq75/WtHLfvX1aCy5uhIkvqWTFjGlf24Kz7XYLNeSg=="
    }
  }
}
